
Microsoft Visual Studio Solution File, Format Version 12.00
# Visual Studio 15
VisualStudioVersion = 15.0.28307.438
MinimumVisualStudioVersion = 10.0.40219.1
Project("{FAE04EC0-301F-11D3-BF4B-00C04F79EFBC}") = "WebFormsIdentity", "WebFormsIdentity\WebFormsIdentity.csproj", "{D64732DF-EF2C-43FF-9F6F-4877F0ACDA28}"
EndProject
Global
	GlobalSection(SolutionConfigurationPlatforms) = preSolution
		Debug|Any CPU = Debug|Any CPU
		Release|Any CPU = Release|Any CPU
	EndGlobalSection
	GlobalSection(ProjectConfigurationPlatforms) = postSolution
		{D64732DF-EF2C-43FF-9F6F-4877F0ACDA28}.Debug|Any CPU.ActiveCfg = Debug|Any CPU
		{D64732DF-EF2C-43FF-9F6F-4877F0ACDA28}.Debug|Any CPU.Build.0 = Debug|Any CPU
		{D64732DF-EF2C-43FF-9F6F-4877F0ACDA28}.Release|Any CPU.ActiveCfg = Release|Any CPU
		{D64732DF-EF2C-43FF-9F6F-4877F0ACDA28}.Release|Any CPU.Build.0 = Release|Any CPU
	EndGlobalSection
	GlobalSection(SolutionProperties) = preSolution
		HideSolutionNode = FALSE
	EndGlobalSection
	GlobalSection(ExtensibilityGlobals) = postSolution
		SolutionGuid = {DC341BB6-5A79-4E3F-A24B-3FABC4CB1F9D}
	EndGlobalSection
EndGlobal
